// !$*UTF8*$!
{
	archiveVersion = 1;
	classes = {
	};
	objectVersion = 56;
	objects = {

/* Begin PBXBuildFile section */
		590E4CFF28C6B2FF005846FD /* alphabet.csv in Resources */ = {isa = PBXBuildFile; fileRef = 590E4CFE28C6B2FF005846FD /* alphabet.csv */; };
		590E4D0128C6B34B005846FD /* D3HorizontalBarChart.swift in Sources */ = {isa = PBXBuildFile; fileRef = 590E4D0028C6B34B005846FD /* D3HorizontalBarChart.swift */; };
		5924676C28C08062001B35B1 /* weather.csv in Resources */ = {isa = PBXBuildFile; fileRef = 5924676B28C08062001B35B1 /* weather.csv */; };
		5924676E28C0807F001B35B1 /* D3DifferenceChart.swift in Sources */ = {isa = PBXBuildFile; fileRef = 5924676D28C0807F001B35B1 /* D3DifferenceChart.swift */; };
		5924677128C1B56F001B35B1 /* Chart+Axis.swift in Sources */ = {isa = PBXBuildFile; fileRef = 5924677028C1B56F001B35B1 /* Chart+Axis.swift */; };
		5924677328C1B620001B35B1 /* state-population-2010-2019.csv in Resources */ = {isa = PBXBuildFile; fileRef = 5924677228C1B620001B35B1 /* state-population-2010-2019.csv */; };
		5924677528C1B637001B35B1 /* D3DivergingBarChart.swift in Sources */ = {isa = PBXBuildFile; fileRef = 5924677428C1B637001B35B1 /* D3DivergingBarChart.swift */; };
		5939879628D00A2D003D4B64 /* D3Beeswarm.swift in Sources */ = {isa = PBXBuildFile; fileRef = 5939879528D00A2D003D4B64 /* D3Beeswarm.swift */; };
		5939879828D00BA9003D4B64 /* cars-2.csv in Resources */ = {isa = PBXBuildFile; fileRef = 5939879728D00BA9003D4B64 /* cars-2.csv */; };
		5939879A28D2EF8C003D4B64 /* diamonds.csv in Resources */ = {isa = PBXBuildFile; fileRef = 5939879928D2EF8C003D4B64 /* diamonds.csv */; };
		5939879C28D2EFB1003D4B64 /* D3BoxPlot.swift in Sources */ = {isa = PBXBuildFile; fileRef = 5939879B28D2EFB1003D4B64 /* D3BoxPlot.swift */; };
		593C9C1628B86A09005F5B16 /* aapl.csv in Resources */ = {isa = PBXBuildFile; fileRef = 593C9C1528B86A09005F5B16 /* aapl.csv */; };
		593C9C1828B86B0C005F5B16 /* D3Area.swift in Sources */ = {isa = PBXBuildFile; fileRef = 593C9C1728B86B0C005F5B16 /* D3Area.swift */; };
		593C9C1B28B86BBB005F5B16 /* SwiftCSV in Frameworks */ = {isa = PBXBuildFile; productRef = 593C9C1A28B86BBB005F5B16 /* SwiftCSV */; };
		593C9C1D28BBF5F7005F5B16 /* temperatures.csv in Resources */ = {isa = PBXBuildFile; fileRef = 593C9C1C28BBF5F7005F5B16 /* temperatures.csv */; };
		593C9C1F28BBF60C005F5B16 /* D3BandChart.swift in Sources */ = {isa = PBXBuildFile; fileRef = 593C9C1E28BBF60C005F5B16 /* D3BandChart.swift */; };
		596AB64D28B1CEC10011FF7D /* Charts_01App.swift in Sources */ = {isa = PBXBuildFile; fileRef = 596AB64C28B1CEC10011FF7D /* Charts_01App.swift */; };
		596AB64F28B1CEC10011FF7D /* ContentView.swift in Sources */ = {isa = PBXBuildFile; fileRef = 596AB64E28B1CEC10011FF7D /* ContentView.swift */; };
		596AB65128B1CEC20011FF7D /* Assets.xcassets in Resources */ = {isa = PBXBuildFile; fileRef = 596AB65028B1CEC20011FF7D /* Assets.xcassets */; };
		596AB65528B1CEC20011FF7D /* Preview Assets.xcassets in Resources */ = {isa = PBXBuildFile; fileRef = 596AB65428B1CEC20011FF7D /* Preview Assets.xcassets */; };
		596AB65E28B2A13B0011FF7D /* D3Histogram.swift in Sources */ = {isa = PBXBuildFile; fileRef = 596AB65D28B2A13B0011FF7D /* D3Histogram.swift */; };
		5987558428CB048F00EBF4B7 /* D3BarChartTransitions.swift in Sources */ = {isa = PBXBuildFile; fileRef = 5987558328CB048F00EBF4B7 /* D3BarChartTransitions.swift */; };
/* End PBXBuildFile section */

/* Begin PBXFileReference section */
		590E4CFE28C6B2FF005846FD /* alphabet.csv */ = {isa = PBXFileReference; fileEncoding = 4; lastKnownFileType = text; path = alphabet.csv; sourceTree = "<group>"; };
		590E4D0028C6B34B005846FD /* D3HorizontalBarChart.swift */ = {isa = PBXFileReference; lastKnownFileType = sourcecode.swift; path = D3HorizontalBarChart.swift; sourceTree = "<group>"; };
		5924676B28C08062001B35B1 /* weather.csv */ = {isa = PBXFileReference; fileEncoding = 4; lastKnownFileType = text; path = weather.csv; sourceTree = "<group>"; };
		5924676D28C0807F001B35B1 /* D3DifferenceChart.swift */ = {isa = PBXFileReference; lastKnownFileType = sourcecode.swift; path = D3DifferenceChart.swift; sourceTree = "<group>"; };
		5924677028C1B56F001B35B1 /* Chart+Axis.swift */ = {isa = PBXFileReference; lastKnownFileType = sourcecode.swift; path = "Chart+Axis.swift"; sourceTree = "<group>"; };
		5924677228C1B620001B35B1 /* state-population-2010-2019.csv */ = {isa = PBXFileReference; fileEncoding = 4; lastKnownFileType = text; path = "state-population-2010-2019.csv"; sourceTree = "<group>"; };
		5924677428C1B637001B35B1 /* D3DivergingBarChart.swift */ = {isa = PBXFileReference; lastKnownFileType = sourcecode.swift; path = D3DivergingBarChart.swift; sourceTree = "<group>"; };
		5939879528D00A2D003D4B64 /* D3Beeswarm.swift */ = {isa = PBXFileReference; lastKnownFileType = sourcecode.swift; path = D3Beeswarm.swift; sourceTree = "<group>"; };
		5939879728D00BA9003D4B64 /* cars-2.csv */ = {isa = PBXFileReference; fileEncoding = 4; lastKnownFileType = text; path = "cars-2.csv"; sourceTree = "<group>"; };
		5939879928D2EF8C003D4B64 /* diamonds.csv */ = {isa = PBXFileReference; fileEncoding = 4; lastKnownFileType = text; path = diamonds.csv; sourceTree = "<group>"; };
		5939879B28D2EFB1003D4B64 /* D3BoxPlot.swift */ = {isa = PBXFileReference; lastKnownFileType = sourcecode.swift; path = D3BoxPlot.swift; sourceTree = "<group>"; };
		593C9C1528B86A09005F5B16 /* aapl.csv */ = {isa = PBXFileReference; fileEncoding = 4; lastKnownFileType = text; path = aapl.csv; sourceTree = "<group>"; };
		593C9C1728B86B0C005F5B16 /* D3Area.swift */ = {isa = PBXFileReference; lastKnownFileType = sourcecode.swift; path = D3Area.swift; sourceTree = "<group>"; };
		593C9C1C28BBF5F7005F5B16 /* temperatures.csv */ = {isa = PBXFileReference; fileEncoding = 4; lastKnownFileType = text; path = temperatures.csv; sourceTree = "<group>"; };
		593C9C1E28BBF60C005F5B16 /* D3BandChart.swift */ = {isa = PBXFileReference; lastKnownFileType = sourcecode.swift; path = D3BandChart.swift; sourceTree = "<group>"; };
		596AB64928B1CEC10011FF7D /* Charts 01.app */ = {isa = PBXFileReference; explicitFileType = wrapper.application; includeInIndex = 0; path = "Charts 01.app"; sourceTree = BUILT_PRODUCTS_DIR; };
		596AB64C28B1CEC10011FF7D /* Charts_01App.swift */ = {isa = PBXFileReference; lastKnownFileType = sourcecode.swift; path = Charts_01App.swift; sourceTree = "<group>"; };
		596AB64E28B1CEC10011FF7D /* ContentView.swift */ = {isa = PBXFileReference; lastKnownFileType = sourcecode.swift; path = ContentView.swift; sourceTree = "<group>"; };
		596AB65028B1CEC20011FF7D /* Assets.xcassets */ = {isa = PBXFileReference; lastKnownFileType = folder.assetcatalog; path = Assets.xcassets; sourceTree = "<group>"; };
		596AB65228B1CEC20011FF7D /* Charts_01.entitlements */ = {isa = PBXFileReference; lastKnownFileType = text.plist.entitlements; path = Charts_01.entitlements; sourceTree = "<group>"; };
		596AB65428B1CEC20011FF7D /* Preview Assets.xcassets */ = {isa = PBXFileReference; lastKnownFileType = folder.assetcatalog; path = "Preview Assets.xcassets"; sourceTree = "<group>"; };
		596AB65D28B2A13B0011FF7D /* D3Histogram.swift */ = {isa = PBXFileReference; lastKnownFileType = sourcecode.swift; path = D3Histogram.swift; sourceTree = "<group>"; };
		5987558328CB048F00EBF4B7 /* D3BarChartTransitions.swift */ = {isa = PBXFileReference; lastKnownFileType = sourcecode.swift; path = D3BarChartTransitions.swift; sourceTree = "<group>"; };
/* End PBXFileReference section */

/* Begin PBXFrameworksBuildPhase section */
		596AB64628B1CEC10011FF7D /* Frameworks */ = {
			isa = PBXFrameworksBuildPhase;
			buildActionMask = 2147483647;
			files = (
				593C9C1B28B86BBB005F5B16 /* SwiftCSV in Frameworks */,
			);
			runOnlyForDeploymentPostprocessing = 0;
		};
/* End PBXFrameworksBuildPhase section */

/* Begin PBXGroup section */
		5924676F28C1B55E001B35B1 /* Helpers */ = {
			isa = PBXGroup;
			children = (
				5924677028C1B56F001B35B1 /* Chart+Axis.swift */,
			);
			path = Helpers;
			sourceTree = "<group>";
		};
		593C9C1428B869FA005F5B16 /* data */ = {
			isa = PBXGroup;
			children = (
				5939879928D2EF8C003D4B64 /* diamonds.csv */,
				590E4CFE28C6B2FF005846FD /* alphabet.csv */,
				5924677228C1B620001B35B1 /* state-population-2010-2019.csv */,
				5924676B28C08062001B35B1 /* weather.csv */,
				593C9C1C28BBF5F7005F5B16 /* temperatures.csv */,
				593C9C1528B86A09005F5B16 /* aapl.csv */,
				5939879728D00BA9003D4B64 /* cars-2.csv */,
			);
			path = data;
			sourceTree = "<group>";
		};
		596AB64028B1CEC10011FF7D = {
			isa = PBXGroup;
			children = (
				596AB64B28B1CEC10011FF7D /* Charts 01 */,
				596AB64A28B1CEC10011FF7D /* Products */,
			);
			sourceTree = "<group>";
		};
		596AB64A28B1CEC10011FF7D /* Products */ = {
			isa = PBXGroup;
			children = (
				596AB64928B1CEC10011FF7D /* Charts 01.app */,
			);
			name = Products;
			sourceTree = "<group>";
		};
		596AB64B28B1CEC10011FF7D /* Charts 01 */ = {
			isa = PBXGroup;
			children = (
				596AB64C28B1CEC10011FF7D /* Charts_01App.swift */,
				593C9C1E28BBF60C005F5B16 /* D3BandChart.swift */,
				596AB64E28B1CEC10011FF7D /* ContentView.swift */,
				596AB65D28B2A13B0011FF7D /* D3Histogram.swift */,
				5939879528D00A2D003D4B64 /* D3Beeswarm.swift */,
				5987558328CB048F00EBF4B7 /* D3BarChartTransitions.swift */,
				5939879B28D2EFB1003D4B64 /* D3BoxPlot.swift */,
				5924677428C1B637001B35B1 /* D3DivergingBarChart.swift */,
				5924676F28C1B55E001B35B1 /* Helpers */,
				593C9C1728B86B0C005F5B16 /* D3Area.swift */,
				5924676D28C0807F001B35B1 /* D3DifferenceChart.swift */,
				593C9C1428B869FA005F5B16 /* data */,
				596AB65028B1CEC20011FF7D /* Assets.xcassets */,
				596AB65228B1CEC20011FF7D /* Charts_01.entitlements */,
				596AB65328B1CEC20011FF7D /* Preview Content */,
				590E4D0028C6B34B005846FD /* D3HorizontalBarChart.swift */,
			);
			path = "Charts 01";
			sourceTree = "<group>";
		};
		596AB65328B1CEC20011FF7D /* Preview Content */ = {
			isa = PBXGroup;
			children = (
				596AB65428B1CEC20011FF7D /* Preview Assets.xcassets */,
			);
			path = "Preview Content";
			sourceTree = "<group>";
		};
/* End PBXGroup section */

/* Begin PBXNativeTarget section */
		596AB64828B1CEC10011FF7D /* Charts 01 */ = {
			isa = PBXNativeTarget;
			buildConfigurationList = 596AB65828B1CEC20011FF7D /* Build configuration list for PBXNativeTarget "Charts 01" */;
			buildPhases = (
				596AB64528B1CEC10011FF7D /* Sources */,
				596AB64628B1CEC10011FF7D /* Frameworks */,
				596AB64728B1CEC10011FF7D /* Resources */,
			);
			buildRules = (
			);
			dependencies = (
			);
			name = "Charts 01";
			packageProductDependencies = (
				593C9C1A28B86BBB005F5B16 /* SwiftCSV */,
			);
			productName = "Charts 01";
			productReference = 596AB64928B1CEC10011FF7D /* Charts 01.app */;
			productType = "com.apple.product-type.application";
		};
/* End PBXNativeTarget section */

/* Begin PBXProject section */
		596AB64128B1CEC10011FF7D /* Project object */ = {
			isa = PBXProject;
			attributes = {
				BuildIndependentTargetsInParallel = 1;
				LastSwiftUpdateCheck = 1400;
				LastUpgradeCheck = 1400;
				TargetAttributes = {
					596AB64828B1CEC10011FF7D = {
						CreatedOnToolsVersion = 14.0;
					};
				};
			};
			buildConfigurationList = 596AB64428B1CEC10011FF7D /* Build configuration list for PBXProject "Charts 01" */;
			compatibilityVersion = "Xcode 14.0";
			developmentRegion = en;
			hasScannedForEncodings = 0;
			knownRegions = (
				en,
				Base,
			);
			mainGroup = 596AB64028B1CEC10011FF7D;
			packageReferences = (
				593C9C1928B86BBB005F5B16 /* XCRemoteSwiftPackageReference "SwiftCSV" */,
			);
			productRefGroup = 596AB64A28B1CEC10011FF7D /* Products */;
			projectDirPath = "";
			projectRoot = "";
			targets = (
				596AB64828B1CEC10011FF7D /* Charts 01 */,
			);
		};
/* End PBXProject section */

/* Begin PBXResourcesBuildPhase section */
		596AB64728B1CEC10011FF7D /* Resources */ = {
			isa = PBXResourcesBuildPhase;
			buildActionMask = 2147483647;
			files = (
				596AB65528B1CEC20011FF7D /* Preview Assets.xcassets in Resources */,
				596AB65128B1CEC20011FF7D /* Assets.xcassets in Resources */,
				5924676C28C08062001B35B1 /* weather.csv in Resources */,
				593C9C1628B86A09005F5B16 /* aapl.csv in Resources */,
				5939879828D00BA9003D4B64 /* cars-2.csv in Resources */,
				590E4CFF28C6B2FF005846FD /* alphabet.csv in Resources */,
				5924677328C1B620001B35B1 /* state-population-2010-2019.csv in Resources */,
				5939879A28D2EF8C003D4B64 /* diamonds.csv in Resources */,
				593C9C1D28BBF5F7005F5B16 /* temperatures.csv in Resources */,
			);
			runOnlyForDeploymentPostprocessing = 0;
		};
/* End PBXResourcesBuildPhase section */

/* Begin PBXSourcesBuildPhase section */
		596AB64528B1CEC10011FF7D /* Sources */ = {
			isa = PBXSourcesBuildPhase;
			buildActionMask = 2147483647;
			files = (
				5939879628D00A2D003D4B64 /* D3Beeswarm.swift in Sources */,
				5939879C28D2EFB1003D4B64 /* D3BoxPlot.swift in Sources */,
				596AB64F28B1CEC10011FF7D /* ContentView.swift in Sources */,
				5924677528C1B637001B35B1 /* D3DivergingBarChart.swift in Sources */,
				5987558428CB048F00EBF4B7 /* D3BarChartTransitions.swift in Sources */,
				5924677128C1B56F001B35B1 /* Chart+Axis.swift in Sources */,
				596AB64D28B1CEC10011FF7D /* Charts_01App.swift in Sources */,
				5924676E28C0807F001B35B1 /* D3DifferenceChart.swift in Sources */,
				593C9C1F28BBF60C005F5B16 /* D3BandChart.swift in Sources */,
				596AB65E28B2A13B0011FF7D /* D3Histogram.swift in Sources */,
				590E4D0128C6B34B005846FD /* D3HorizontalBarChart.swift in Sources */,
				593C9C1828B86B0C005F5B16 /* D3Area.swift in Sources */,
			);
			runOnlyForDeploymentPostprocessing = 0;
		};
/* End PBXSourcesBuildPhase section */

/* Begin XCBuildConfiguration section */
		596AB65628B1CEC20011FF7D /* Debug */ = {
			isa = XCBuildConfiguration;
			buildSettings = {
				ALWAYS_SEARCH_USER_PATHS = NO;
				CLANG_ANALYZER_NONNULL = YES;
				CLANG_ANALYZER_NUMBER_OBJECT_CONVERSION = YES_AGGRESSIVE;
				CLANG_CXX_LANGUAGE_STANDARD = "gnu++20";
				CLANG_ENABLE_MODULES = YES;
				CLANG_ENABLE_OBJC_ARC = YES;
				CLANG_ENABLE_OBJC_WEAK = YES;
				CLANG_WARN_BLOCK_CAPTURE_AUTORELEASING = YES;
				CLANG_WARN_BOOL_CONVERSION = YES;
				CLANG_WARN_COMMA = YES;
				CLANG_WARN_CONSTANT_CONVERSION = YES;
				CLANG_WARN_DEPRECATED_OBJC_IMPLEMENTATIONS = YES;
				CLANG_WARN_DIRECT_OBJC_ISA_USAGE = YES_ERROR;
				CLANG_WARN_DOCUMENTATION_COMMENTS = YES;
				CLANG_WARN_EMPTY_BODY = YES;
				CLANG_WARN_ENUM_CONVERSION = YES;
				CLANG_WARN_INFINITE_RECURSION = YES;
				CLANG_WARN_INT_CONVERSION = YES;
				CLANG_WARN_NON_LITERAL_NULL_CONVERSION = YES;
				CLANG_WARN_OBJC_IMPLICIT_RETAIN_SELF = YES;
				CLANG_WARN_OBJC_LITERAL_CONVERSION = YES;
				CLANG_WARN_OBJC_ROOT_CLASS = YES_ERROR;
				CLANG_WARN_QUOTED_INCLUDE_IN_FRAMEWORK_HEADER = YES;
				CLANG_WARN_RANGE_LOOP_ANALYSIS = YES;
				CLANG_WARN_STRICT_PROTOTYPES = YES;
				CLANG_WARN_SUSPICIOUS_MOVE = YES;
				CLANG_WARN_UNGUARDED_AVAILABILITY = YES_AGGRESSIVE;
				CLANG_WARN_UNREACHABLE_CODE = YES;
				CLANG_WARN__DUPLICATE_METHOD_MATCH = YES;
				COPY_PHASE_STRIP = NO;
				DEBUG_INFORMATION_FORMAT = dwarf;
				ENABLE_STRICT_OBJC_MSGSEND = YES;
				ENABLE_TESTABILITY = YES;
				GCC_C_LANGUAGE_STANDARD = gnu11;
				GCC_DYNAMIC_NO_PIC = NO;
				GCC_NO_COMMON_BLOCKS = YES;
				GCC_OPTIMIZATION_LEVEL = 0;
				GCC_PREPROCESSOR_DEFINITIONS = (
					"DEBUG=1",
					"$(inherited)",
				);
				GCC_WARN_64_TO_32_BIT_CONVERSION = YES;
				GCC_WARN_ABOUT_RETURN_TYPE = YES_ERROR;
				GCC_WARN_UNDECLARED_SELECTOR = YES;
				GCC_WARN_UNINITIALIZED_AUTOS = YES_AGGRESSIVE;
				GCC_WARN_UNUSED_FUNCTION = YES;
				GCC_WARN_UNUSED_VARIABLE = YES;
				MTL_ENABLE_DEBUG_INFO = INCLUDE_SOURCE;
				MTL_FAST_MATH = YES;
				ONLY_ACTIVE_ARCH = YES;
				SWIFT_ACTIVE_COMPILATION_CONDITIONS = DEBUG;
				SWIFT_OPTIMIZATION_LEVEL = "-Onone";
			};
			name = Debug;
		};
		596AB65728B1CEC20011FF7D /* Release */ = {
			isa = XCBuildConfiguration;
			buildSettings = {
				ALWAYS_SEARCH_USER_PATHS = NO;
				CLANG_ANALYZER_NONNULL = YES;
				CLANG_ANALYZER_NUMBER_OBJECT_CONVERSION = YES_AGGRESSIVE;
				CLANG_CXX_LANGUAGE_STANDARD = "gnu++20";
				CLANG_ENABLE_MODULES = YES;
				CLANG_ENABLE_OBJC_ARC = YES;
				CLANG_ENABLE_OBJC_WEAK = YES;
				CLANG_WARN_BLOCK_CAPTURE_AUTORELEASING = YES;
				CLANG_WARN_BOOL_CONVERSION = YES;
				CLANG_WARN_COMMA = YES;
				CLANG_WARN_CONSTANT_CONVERSION = YES;
				CLANG_WARN_DEPRECATED_OBJC_IMPLEMENTATIONS = YES;
				CLANG_WARN_DIRECT_OBJC_ISA_USAGE = YES_ERROR;
				CLANG_WARN_DOCUMENTATION_COMMENTS = YES;
				CLANG_WARN_EMPTY_BODY = YES;
				CLANG_WARN_ENUM_CONVERSION = YES;
				CLANG_WARN_INFINITE_RECURSION = YES;
				CLANG_WARN_INT_CONVERSION = YES;
				CLANG_WARN_NON_LITERAL_NULL_CONVERSION = YES;
				CLANG_WARN_OBJC_IMPLICIT_RETAIN_SELF = YES;
				CLANG_WARN_OBJC_LITERAL_CONVERSION = YES;
				CLANG_WARN_OBJC_ROOT_CLASS = YES_ERROR;
				CLANG_WARN_QUOTED_INCLUDE_IN_FRAMEWORK_HEADER = YES;
				CLANG_WARN_RANGE_LOOP_ANALYSIS = YES;
				CLANG_WARN_STRICT_PROTOTYPES = YES;
				CLANG_WARN_SUSPICIOUS_MOVE = YES;
				CLANG_WARN_UNGUARDED_AVAILABILITY = YES_AGGRESSIVE;
				CLANG_WARN_UNREACHABLE_CODE = YES;
				CLANG_WARN__DUPLICATE_METHOD_MATCH = YES;
				COPY_PHASE_STRIP = NO;
				DEBUG_INFORMATION_FORMAT = "dwarf-with-dsym";
				ENABLE_NS_ASSERTIONS = NO;
				ENABLE_STRICT_OBJC_MSGSEND = YES;
				GCC_C_LANGUAGE_STANDARD = gnu11;
				GCC_NO_COMMON_BLOCKS = YES;
				GCC_WARN_64_TO_32_BIT_CONVERSION = YES;
				GCC_WARN_ABOUT_RETURN_TYPE = YES_ERROR;
				GCC_WARN_UNDECLARED_SELECTOR = YES;
				GCC_WARN_UNINITIALIZED_AUTOS = YES_AGGRESSIVE;
				GCC_WARN_UNUSED_FUNCTION = YES;
				GCC_WARN_UNUSED_VARIABLE = YES;
				MTL_ENABLE_DEBUG_INFO = NO;
				MTL_FAST_MATH = YES;
				SWIFT_COMPILATION_MODE = wholemodule;
				SWIFT_OPTIMIZATION_LEVEL = "-O";
			};
			name = Release;
		};
		596AB65928B1CEC20011FF7D /* Debug */ = {
			isa = XCBuildConfiguration;
			buildSettings = {
				ASSETCATALOG_COMPILER_APPICON_NAME = AppIcon;
				ASSETCATALOG_COMPILER_GLOBAL_ACCENT_COLOR_NAME = AccentColor;
				CODE_SIGN_ENTITLEMENTS = "Charts 01/Charts_01.entitlements";
				CODE_SIGN_STYLE = Automatic;
				CURRENT_PROJECT_VERSION = 1;
				DEVELOPMENT_ASSET_PATHS = "\"Charts 01/Preview Content\"";
				ENABLE_PREVIEWS = YES;
				GENERATE_INFOPLIST_FILE = YES;
				"INFOPLIST_KEY_UIApplicationSceneManifest_Generation[sdk=iphoneos*]" = YES;
				"INFOPLIST_KEY_UIApplicationSceneManifest_Generation[sdk=iphonesimulator*]" = YES;
				"INFOPLIST_KEY_UIApplicationSupportsIndirectInputEvents[sdk=iphoneos*]" = YES;
				"INFOPLIST_KEY_UIApplicationSupportsIndirectInputEvents[sdk=iphonesimulator*]" = YES;
				"INFOPLIST_KEY_UILaunchScreen_Generation[sdk=iphoneos*]" = YES;
				"INFOPLIST_KEY_UILaunchScreen_Generation[sdk=iphonesimulator*]" = YES;
				"INFOPLIST_KEY_UIStatusBarStyle[sdk=iphoneos*]" = UIStatusBarStyleDefault;
				"INFOPLIST_KEY_UIStatusBarStyle[sdk=iphonesimulator*]" = UIStatusBarStyleDefault;
				INFOPLIST_KEY_UISupportedInterfaceOrientations_iPad = "UIInterfaceOrientationPortrait UIInterfaceOrientationPortraitUpsideDown UIInterfaceOrientationLandscapeLeft UIInterfaceOrientationLandscapeRight";
				INFOPLIST_KEY_UISupportedInterfaceOrientations_iPhone = "UIInterfaceOrientationPortrait UIInterfaceOrientationLandscapeLeft UIInterfaceOrientationLandscapeRight";
				IPHONEOS_DEPLOYMENT_TARGET = 16.0;
				LD_RUNPATH_SEARCH_PATHS = "@executable_path/Frameworks";
				"LD_RUNPATH_SEARCH_PATHS[sdk=macosx*]" = "@executable_path/../Frameworks";
				MACOSX_DEPLOYMENT_TARGET = 13.0;
				MARKETING_VERSION = 1.0;
				PRODUCT_BUNDLE_IDENTIFIER = "com.sakunlabs.Charts-01";
				PRODUCT_NAME = "$(TARGET_NAME)";
				SDKROOT = auto;
				SUPPORTED_PLATFORMS = "iphoneos iphonesimulator macosx";
				SWIFT_EMIT_LOC_STRINGS = YES;
				SWIFT_VERSION = 5.0;
				TARGETED_DEVICE_FAMILY = "1,2";
			};
			name = Debug;
		};
		596AB65A28B1CEC20011FF7D /* Release */ = {
			isa = XCBuildConfiguration;
			buildSettings = {
				ASSETCATALOG_COMPILER_APPICON_NAME = AppIcon;
				ASSETCATALOG_COMPILER_GLOBAL_ACCENT_COLOR_NAME = AccentColor;
				CODE_SIGN_ENTITLEMENTS = "Charts 01/Charts_01.entitlements";
				CODE_SIGN_STYLE = Automatic;
				CURRENT_PROJECT_VERSION = 1;
				DEVELOPMENT_ASSET_PATHS = "\"Charts 01/Preview Content\"";
				ENABLE_PREVIEWS = YES;
				GENERATE_INFOPLIST_FILE = YES;
				"INFOPLIST_KEY_UIApplicationSceneManifest_Generation[sdk=iphoneos*]" = YES;
				"INFOPLIST_KEY_UIApplicationSceneManifest_Generation[sdk=iphonesimulator*]" = YES;
				"INFOPLIST_KEY_UIApplicationSupportsIndirectInputEvents[sdk=iphoneos*]" = YES;
				"INFOPLIST_KEY_UIApplicationSupportsIndirectInputEvents[sdk=iphonesimulator*]" = YES;
				"INFOPLIST_KEY_UILaunchScreen_Generation[sdk=iphoneos*]" = YES;
				"INFOPLIST_KEY_UILaunchScreen_Generation[sdk=iphonesimulator*]" = YES;
				"INFOPLIST_KEY_UIStatusBarStyle[sdk=iphoneos*]" = UIStatusBarStyleDefault;
				"INFOPLIST_KEY_UIStatusBarStyle[sdk=iphonesimulator*]" = UIStatusBarStyleDefault;
				INFOPLIST_KEY_UISupportedInterfaceOrientations_iPad = "UIInterfaceOrientationPortrait UIInterfaceOrientationPortraitUpsideDown UIInterfaceOrientationLandscapeLeft UIInterfaceOrientationLandscapeRight";
				INFOPLIST_KEY_UISupportedInterfaceOrientations_iPhone = "UIInterfaceOrientationPortrait UIInterfaceOrientationLandscapeLeft UIInterfaceOrientationLandscapeRight";
				IPHONEOS_DEPLOYMENT_TARGET = 16.0;
				LD_RUNPATH_SEARCH_PATHS = "@executable_path/Frameworks";
				"LD_RUNPATH_SEARCH_PATHS[sdk=macosx*]" = "@executable_path/../Frameworks";
				MACOSX_DEPLOYMENT_TARGET = 13.0;
				MARKETING_VERSION = 1.0;
				PRODUCT_BUNDLE_IDENTIFIER = "com.sakunlabs.Charts-01";
				PRODUCT_NAME = "$(TARGET_NAME)";
				SDKROOT = auto;
				SUPPORTED_PLATFORMS = "iphoneos iphonesimulator macosx";
				SWIFT_EMIT_LOC_STRINGS = YES;
				SWIFT_VERSION = 5.0;
				TARGETED_DEVICE_FAMILY = "1,2";
			};
			name = Release;
		};
/* End XCBuildConfiguration section */

/* Begin XCConfigurationList section */
		596AB64428B1CEC10011FF7D /* Build configuration list for PBXProject "Charts 01" */ = {
			isa = XCConfigurationList;
			buildConfigurations = (
				596AB65628B1CEC20011FF7D /* Debug */,
				596AB65728B1CEC20011FF7D /* Release */,
			);
			defaultConfigurationIsVisible = 0;
			defaultConfigurationName = Release;
		};
		596AB65828B1CEC20011FF7D /* Build configuration list for PBXNativeTarget "Charts 01" */ = {
			isa = XCConfigurationList;
			buildConfigurations = (
				596AB65928B1CEC20011FF7D /* Debug */,
				596AB65A28B1CEC20011FF7D /* Release */,
			);
			defaultConfigurationIsVisible = 0;
			defaultConfigurationName = Release;
		};
/* End XCConfigurationList section */

/* Begin XCRemoteSwiftPackageReference section */
		593C9C1928B86BBB005F5B16 /* XCRemoteSwiftPackageReference "SwiftCSV" */ = {
			isa = XCRemoteSwiftPackageReference;
			repositoryURL = "https://github.com/swiftcsv/SwiftCSV";
			requirement = {
				kind = upToNextMajorVersion;
				minimumVersion = 0.8.0;
			};
		};
/* End XCRemoteSwiftPackageReference section */

/* Begin XCSwiftPackageProductDependency section */
		593C9C1A28B86BBB005F5B16 /* SwiftCSV */ = {
			isa = XCSwiftPackageProductDependency;
			package = 593C9C1928B86BBB005F5B16 /* XCRemoteSwiftPackageReference "SwiftCSV" */;
			productName = SwiftCSV;
		};
/* End XCSwiftPackageProductDependency section */
	};
	rootObject = 596AB64128B1CEC10011FF7D /* Project object */;
}
